<?xml version="1.0" encoding="UTF-8"?>
<CodeBlocks_project_file>
	<FileVersion major="1" minor="6"/>
	<Project>
		<Option title="SubwaySimulation"/>
		<Option makefile_is_custom="1"/>
		<Option compiler="gcc"/>
		<Option virtualFolders="CMake Files\;"/>
		<Build>
			<Target title="all">
				<Option working_dir="/home/bigboss98/Università/ProjectSoftwareEngineering/SubwaySimulation"/>
				<Option type="4"/>
				<MakeCommands>
					<Build command="/usr/bin/make -f &quot;/home/bigboss98/Università/ProjectSoftwareEngineering/SubwaySimulation/Makefile&quot;  VERBOSE=1 all"/>
					<CompileFile command="/usr/bin/make -f &quot;/home/bigboss98/Università/ProjectSoftwareEngineering/SubwaySimulation/Makefile&quot;  VERBOSE=1 &quot;$file&quot;"/>
					<Clean command="/usr/bin/make -f &quot;/home/bigboss98/Università/ProjectSoftwareEngineering/SubwaySimulation/Makefile&quot;  VERBOSE=1 clean"/>
					<DistClean command="/usr/bin/make -f &quot;/home/bigboss98/Università/ProjectSoftwareEngineering/SubwaySimulation/Makefile&quot;  VERBOSE=1 clean"/>
				</MakeCommands>
			</Target>
			<Target title="rebuild_cache">
				<Option working_dir="/home/bigboss98/Università/ProjectSoftwareEngineering/SubwaySimulation"/>
				<Option type="4"/>
				<MakeCommands>
					<Build command="/usr/bin/make -f &quot;/home/bigboss98/Università/ProjectSoftwareEngineering/SubwaySimulation/Makefile&quot;  VERBOSE=1 rebuild_cache"/>
					<CompileFile command="/usr/bin/make -f &quot;/home/bigboss98/Università/ProjectSoftwareEngineering/SubwaySimulation/Makefile&quot;  VERBOSE=1 &quot;$file&quot;"/>
					<Clean command="/usr/bin/make -f &quot;/home/bigboss98/Università/ProjectSoftwareEngineering/SubwaySimulation/Makefile&quot;  VERBOSE=1 clean"/>
					<DistClean command="/usr/bin/make -f &quot;/home/bigboss98/Università/ProjectSoftwareEngineering/SubwaySimulation/Makefile&quot;  VERBOSE=1 clean"/>
				</MakeCommands>
			</Target>
			<Target title="edit_cache">
				<Option working_dir="/home/bigboss98/Università/ProjectSoftwareEngineering/SubwaySimulation"/>
				<Option type="4"/>
				<MakeCommands>
					<Build command="/usr/bin/make -f &quot;/home/bigboss98/Università/ProjectSoftwareEngineering/SubwaySimulation/Makefile&quot;  VERBOSE=1 edit_cache"/>
					<CompileFile command="/usr/bin/make -f &quot;/home/bigboss98/Università/ProjectSoftwareEngineering/SubwaySimulation/Makefile&quot;  VERBOSE=1 &quot;$file&quot;"/>
					<Clean command="/usr/bin/make -f &quot;/home/bigboss98/Università/ProjectSoftwareEngineering/SubwaySimulation/Makefile&quot;  VERBOSE=1 clean"/>
					<DistClean command="/usr/bin/make -f &quot;/home/bigboss98/Università/ProjectSoftwareEngineering/SubwaySimulation/Makefile&quot;  VERBOSE=1 clean"/>
				</MakeCommands>
			</Target>
			<Target title="release">
				<Option output="/home/bigboss98/Università/ProjectSoftwareEngineering/SubwaySimulation/release" prefix_auto="0" extension_auto="0"/>
				<Option working_dir="/home/bigboss98/Università/ProjectSoftwareEngineering/SubwaySimulation"/>
				<Option object_output="./"/>
				<Option type="1"/>
				<Option compiler="gcc"/>
				<Compiler>
					<Add directory="/home/bigboss98/Università/ProjectSoftwareEngineering/SubwaySimulation/gtest-linux/include"/>
					<Add directory="/home/bigboss98/Università/ProjectSoftwareEngineering/SubwaySimulation/testInput"/>
					<Add directory="/home/bigboss98/Università/ProjectSoftwareEngineering/SubwaySimulation/testOutput"/>
					<Add directory="/home/bigboss98/Università/ProjectSoftwareEngineering/SubwaySimulation/testSimulation"/>
					<Add directory="/home/bigboss98/Università/ProjectSoftwareEngineering/SubwaySimulation/userFiles"/>
				</Compiler>
				<MakeCommands>
					<Build command="/usr/bin/make -f &quot;/home/bigboss98/Università/ProjectSoftwareEngineering/SubwaySimulation/Makefile&quot;  VERBOSE=1 release"/>
					<CompileFile command="/usr/bin/make -f &quot;/home/bigboss98/Università/ProjectSoftwareEngineering/SubwaySimulation/Makefile&quot;  VERBOSE=1 &quot;$file&quot;"/>
					<Clean command="/usr/bin/make -f &quot;/home/bigboss98/Università/ProjectSoftwareEngineering/SubwaySimulation/Makefile&quot;  VERBOSE=1 clean"/>
					<DistClean command="/usr/bin/make -f &quot;/home/bigboss98/Università/ProjectSoftwareEngineering/SubwaySimulation/Makefile&quot;  VERBOSE=1 clean"/>
				</MakeCommands>
			</Target>
			<Target title="release/fast">
				<Option output="/home/bigboss98/Università/ProjectSoftwareEngineering/SubwaySimulation/release" prefix_auto="0" extension_auto="0"/>
				<Option working_dir="/home/bigboss98/Università/ProjectSoftwareEngineering/SubwaySimulation"/>
				<Option object_output="./"/>
				<Option type="1"/>
				<Option compiler="gcc"/>
				<Compiler>
					<Add directory="/home/bigboss98/Università/ProjectSoftwareEngineering/SubwaySimulation/gtest-linux/include"/>
					<Add directory="/home/bigboss98/Università/ProjectSoftwareEngineering/SubwaySimulation/testInput"/>
					<Add directory="/home/bigboss98/Università/ProjectSoftwareEngineering/SubwaySimulation/testOutput"/>
					<Add directory="/home/bigboss98/Università/ProjectSoftwareEngineering/SubwaySimulation/testSimulation"/>
					<Add directory="/home/bigboss98/Università/ProjectSoftwareEngineering/SubwaySimulation/userFiles"/>
				</Compiler>
				<MakeCommands>
					<Build command="/usr/bin/make -f &quot;/home/bigboss98/Università/ProjectSoftwareEngineering/SubwaySimulation/Makefile&quot;  VERBOSE=1 release/fast"/>
					<CompileFile command="/usr/bin/make -f &quot;/home/bigboss98/Università/ProjectSoftwareEngineering/SubwaySimulation/Makefile&quot;  VERBOSE=1 &quot;$file&quot;"/>
					<Clean command="/usr/bin/make -f &quot;/home/bigboss98/Università/ProjectSoftwareEngineering/SubwaySimulation/Makefile&quot;  VERBOSE=1 clean"/>
					<DistClean command="/usr/bin/make -f &quot;/home/bigboss98/Università/ProjectSoftwareEngineering/SubwaySimulation/Makefile&quot;  VERBOSE=1 clean"/>
				</MakeCommands>
			</Target>
			<Target title="debug">
				<Option output="/home/bigboss98/Università/ProjectSoftwareEngineering/SubwaySimulation/debug" prefix_auto="0" extension_auto="0"/>
				<Option working_dir="/home/bigboss98/Università/ProjectSoftwareEngineering/SubwaySimulation"/>
				<Option object_output="./"/>
				<Option type="1"/>
				<Option compiler="gcc"/>
				<Compiler>
					<Add directory="/home/bigboss98/Università/ProjectSoftwareEngineering/SubwaySimulation/gtest-linux/include"/>
					<Add directory="/home/bigboss98/Università/ProjectSoftwareEngineering/SubwaySimulation/testInput"/>
					<Add directory="/home/bigboss98/Università/ProjectSoftwareEngineering/SubwaySimulation/testOutput"/>
					<Add directory="/home/bigboss98/Università/ProjectSoftwareEngineering/SubwaySimulation/testSimulation"/>
					<Add directory="/home/bigboss98/Università/ProjectSoftwareEngineering/SubwaySimulation/userFiles"/>
				</Compiler>
				<MakeCommands>
					<Build command="/usr/bin/make -f &quot;/home/bigboss98/Università/ProjectSoftwareEngineering/SubwaySimulation/Makefile&quot;  VERBOSE=1 debug"/>
					<CompileFile command="/usr/bin/make -f &quot;/home/bigboss98/Università/ProjectSoftwareEngineering/SubwaySimulation/Makefile&quot;  VERBOSE=1 &quot;$file&quot;"/>
					<Clean command="/usr/bin/make -f &quot;/home/bigboss98/Università/ProjectSoftwareEngineering/SubwaySimulation/Makefile&quot;  VERBOSE=1 clean"/>
					<DistClean command="/usr/bin/make -f &quot;/home/bigboss98/Università/ProjectSoftwareEngineering/SubwaySimulation/Makefile&quot;  VERBOSE=1 clean"/>
				</MakeCommands>
			</Target>
			<Target title="debug/fast">
				<Option output="/home/bigboss98/Università/ProjectSoftwareEngineering/SubwaySimulation/debug" prefix_auto="0" extension_auto="0"/>
				<Option working_dir="/home/bigboss98/Università/ProjectSoftwareEngineering/SubwaySimulation"/>
				<Option object_output="./"/>
				<Option type="1"/>
				<Option compiler="gcc"/>
				<Compiler>
					<Add directory="/home/bigboss98/Università/ProjectSoftwareEngineering/SubwaySimulation/gtest-linux/include"/>
					<Add directory="/home/bigboss98/Università/ProjectSoftwareEngineering/SubwaySimulation/testInput"/>
					<Add directory="/home/bigboss98/Università/ProjectSoftwareEngineering/SubwaySimulation/testOutput"/>
					<Add directory="/home/bigboss98/Università/ProjectSoftwareEngineering/SubwaySimulation/testSimulation"/>
					<Add directory="/home/bigboss98/Università/ProjectSoftwareEngineering/SubwaySimulation/userFiles"/>
				</Compiler>
				<MakeCommands>
					<Build command="/usr/bin/make -f &quot;/home/bigboss98/Università/ProjectSoftwareEngineering/SubwaySimulation/Makefile&quot;  VERBOSE=1 debug/fast"/>
					<CompileFile command="/usr/bin/make -f &quot;/home/bigboss98/Università/ProjectSoftwareEngineering/SubwaySimulation/Makefile&quot;  VERBOSE=1 &quot;$file&quot;"/>
					<Clean command="/usr/bin/make -f &quot;/home/bigboss98/Università/ProjectSoftwareEngineering/SubwaySimulation/Makefile&quot;  VERBOSE=1 clean"/>
					<DistClean command="/usr/bin/make -f &quot;/home/bigboss98/Università/ProjectSoftwareEngineering/SubwaySimulation/Makefile&quot;  VERBOSE=1 clean"/>
				</MakeCommands>
			</Target>
		</Build>
		<Unit filename="/home/bigboss98/Università/ProjectSoftwareEngineering/SubwaySimulation/Output.cpp">
			<Option target="release"/>
			<Option target="debug"/>
		</Unit>
		<Unit filename="/home/bigboss98/Università/ProjectSoftwareEngineering/SubwaySimulation/Output.h">
			<Option target="release"/>
			<Option target="debug"/>
		</Unit>
		<Unit filename="/home/bigboss98/Università/ProjectSoftwareEngineering/SubwaySimulation/Station.cpp">
			<Option target="release"/>
			<Option target="debug"/>
		</Unit>
		<Unit filename="/home/bigboss98/Università/ProjectSoftwareEngineering/SubwaySimulation/Station.h">
			<Option target="release"/>
			<Option target="debug"/>
		</Unit>
		<Unit filename="/home/bigboss98/Università/ProjectSoftwareEngineering/SubwaySimulation/Subway.cpp">
			<Option target="release"/>
			<Option target="debug"/>
		</Unit>
		<Unit filename="/home/bigboss98/Università/ProjectSoftwareEngineering/SubwaySimulation/Subway.h">
			<Option target="release"/>
			<Option target="debug"/>
		</Unit>
		<Unit filename="/home/bigboss98/Università/ProjectSoftwareEngineering/SubwaySimulation/SubwaySimulationDomainTests.cpp">
			<Option target="debug"/>
		</Unit>
		<Unit filename="/home/bigboss98/Università/ProjectSoftwareEngineering/SubwaySimulation/SubwaySimulationImporter.cpp">
			<Option target="release"/>
			<Option target="debug"/>
		</Unit>
		<Unit filename="/home/bigboss98/Università/ProjectSoftwareEngineering/SubwaySimulation/SubwaySimulationImporter.h">
			<Option target="release"/>
			<Option target="debug"/>
		</Unit>
		<Unit filename="/home/bigboss98/Università/ProjectSoftwareEngineering/SubwaySimulation/SubwaySimulationInputTests.cpp">
			<Option target="debug"/>
		</Unit>
		<Unit filename="/home/bigboss98/Università/ProjectSoftwareEngineering/SubwaySimulation/SubwaySimulationMain.cpp">
			<Option target="release"/>
		</Unit>
		<Unit filename="/home/bigboss98/Università/ProjectSoftwareEngineering/SubwaySimulation/SubwaySimulationMovingTests.cpp">
			<Option target="debug"/>
		</Unit>
		<Unit filename="/home/bigboss98/Università/ProjectSoftwareEngineering/SubwaySimulation/SubwaySimulationOutputTests.cpp">
			<Option target="debug"/>
		</Unit>
		<Unit filename="/home/bigboss98/Università/ProjectSoftwareEngineering/SubwaySimulation/SubwaySimulationTests.cpp">
			<Option target="debug"/>
		</Unit>
		<Unit filename="/home/bigboss98/Università/ProjectSoftwareEngineering/SubwaySimulation/SubwaySimulationUtils.cpp">
			<Option target="release"/>
			<Option target="debug"/>
		</Unit>
		<Unit filename="/home/bigboss98/Università/ProjectSoftwareEngineering/SubwaySimulation/SubwaySimulationUtils.h">
			<Option target="release"/>
			<Option target="debug"/>
		</Unit>
		<Unit filename="/home/bigboss98/Università/ProjectSoftwareEngineering/SubwaySimulation/Track.cpp">
			<Option target="release"/>
			<Option target="debug"/>
		</Unit>
		<Unit filename="/home/bigboss98/Università/ProjectSoftwareEngineering/SubwaySimulation/Track.h">
			<Option target="release"/>
			<Option target="debug"/>
		</Unit>
		<Unit filename="/home/bigboss98/Università/ProjectSoftwareEngineering/SubwaySimulation/Tram.cpp">
			<Option target="release"/>
			<Option target="debug"/>
		</Unit>
		<Unit filename="/home/bigboss98/Università/ProjectSoftwareEngineering/SubwaySimulation/Tram.h">
			<Option target="release"/>
			<Option target="debug"/>
		</Unit>
		<Unit filename="/home/bigboss98/Università/ProjectSoftwareEngineering/SubwaySimulation/tinystr.cpp">
			<Option target="release"/>
			<Option target="debug"/>
		</Unit>
		<Unit filename="/home/bigboss98/Università/ProjectSoftwareEngineering/SubwaySimulation/tinystr.h">
			<Option target="release"/>
			<Option target="debug"/>
		</Unit>
		<Unit filename="/home/bigboss98/Università/ProjectSoftwareEngineering/SubwaySimulation/tinyxml.cpp">
			<Option target="release"/>
			<Option target="debug"/>
		</Unit>
		<Unit filename="/home/bigboss98/Università/ProjectSoftwareEngineering/SubwaySimulation/tinyxml.h">
			<Option target="release"/>
			<Option target="debug"/>
		</Unit>
		<Unit filename="/home/bigboss98/Università/ProjectSoftwareEngineering/SubwaySimulation/tinyxmlerror.cpp">
			<Option target="release"/>
			<Option target="debug"/>
		</Unit>
		<Unit filename="/home/bigboss98/Università/ProjectSoftwareEngineering/SubwaySimulation/tinyxmlparser.cpp">
			<Option target="release"/>
			<Option target="debug"/>
		</Unit>
		<Unit filename="/home/bigboss98/Università/ProjectSoftwareEngineering/SubwaySimulation/CMakeLists.txt">
			<Option virtualFolder="CMake Files\"/>
		</Unit>
	</Project>
</CodeBlocks_project_file>
